
Microsoft Visual Studio Solution File, Format Version 12.00
# Visual Studio Version 17
VisualStudioVersion = 17.12.35527.113
MinimumVisualStudioVersion = 10.0.40219.1
Project("{2150E333-8FDC-42A3-9474-1A3956D46DE8}") = "src", "src", "{3894D133-AE17-4A05-9A29-7C5C0CA2C469}"
EndProject
Project("{2150E333-8FDC-42A3-9474-1A3956D46DE8}") = "test", "test", "{C4B769B7-80A3-4733-9901-0B6D974C5489}"
EndProject
Project("{FAE04EC0-301F-11D3-BF4B-00C04F79EFBC}") = "AppHost", "src\EcommerceApp.AppHost\AppHost.csproj", "{F93CBA23-1871-445C-9CD0-BDD1544BC53F}"
EndProject
Project("{FAE04EC0-301F-11D3-BF4B-00C04F79EFBC}") = "ServiceDefaults", "src\EcommerceApp.ServiceDefaults\ServiceDefaults.csproj", "{DC08F10B-8D20-4D56-9678-0BD55B607B17}"
EndProject
Project("{FAE04EC0-301F-11D3-BF4B-00C04F79EFBC}") = "Application", "src\EcommerceApp.Application\Application.csproj", "{23BE4F9F-3C77-4BFA-AF99-633647711177}"
EndProject
Project("{2150E333-8FDC-42A3-9474-1A3956D46DE8}") = "hosts", "hosts", "{6FED4E84-DFD9-4249-8A42-6926E0058945}"
EndProject
Project("{2150E333-8FDC-42A3-9474-1A3956D46DE8}") = "apps", "apps", "{BD3CE5F0-ADDD-48D0-BB21-A4EBA4C608D1}"
EndProject
Project("{FAE04EC0-301F-11D3-BF4B-00C04F79EFBC}") = "Persistence", "src\EcommerceApp.Persistence\Persistence.csproj", "{9D29636C-F456-4F4E-A3D7-04B5E85ED482}"
EndProject
Project("{FAE04EC0-301F-11D3-BF4B-00C04F79EFBC}") = "API", "src\EcommerceApp.API\API.csproj", "{0793E59D-F080-4EC2-BD7F-78D9BD9D999D}"
EndProject
Project("{FAE04EC0-301F-11D3-BF4B-00C04F79EFBC}") = "Infrastructure", "src\EcommerceApp.Infrastructure\Infrastructure.csproj", "{6646E3FC-41CF-4021-8497-EED1207DC458}"
EndProject
Project("{FAE04EC0-301F-11D3-BF4B-00C04F79EFBC}") = "Domain", "src\EcommerceApp.Domain\Domain.csproj", "{11E95AA7-DC4C-485D-80BF-FB518D4195CD}"
EndProject
Project("{FAE04EC0-301F-11D3-BF4B-00C04F79EFBC}") = "IdentityService", "src\EcommerceApp.IdentityService\IdentityService.csproj", "{DAEEE82F-AC6A-4503-BE25-AA0D8B510E70}"
EndProject
Project("{2150E333-8FDC-42A3-9474-1A3956D46DE8}") = "authen", "authen", "{BAC4B015-0E3A-4BD9-A610-E3DFC7B209B1}"
EndProject
Project("{2150E333-8FDC-42A3-9474-1A3956D46DE8}") = "presentations", "presentations", "{40B33E88-92FA-4630-8CFB-E21C6C2A1260}"
EndProject
Project("{FAE04EC0-301F-11D3-BF4B-00C04F79EFBC}") = "StoreFront", "src\EcommerceApp.StoreFront\StoreFront.csproj", "{059D90C7-8E9C-4883-866C-2C5CDA4EB5B4}"
EndProject
Project("{2150E333-8FDC-42A3-9474-1A3956D46DE8}") = "api", "api", "{474D26B5-E9D9-47E5-8C7D-263C8B972DE4}"
EndProject
Project("{2150E333-8FDC-42A3-9474-1A3956D46DE8}") = "store-front", "store-front", "{61F176DD-BA25-4C5C-A069-BD1F094A8B62}"
EndProject
Project("{FAE04EC0-301F-11D3-BF4B-00C04F79EFBC}") = "Application.UnitTest", "src\Application.UnitTest\Application.UnitTest.csproj", "{525C2FED-E140-44FB-B6B9-60BDA264E44C}"
EndProject
Global
	GlobalSection(SolutionConfigurationPlatforms) = preSolution
		Debug|Any CPU = Debug|Any CPU
		Release|Any CPU = Release|Any CPU
	EndGlobalSection
	GlobalSection(ProjectConfigurationPlatforms) = postSolution
		{F93CBA23-1871-445C-9CD0-BDD1544BC53F}.Debug|Any CPU.ActiveCfg = Debug|Any CPU
		{F93CBA23-1871-445C-9CD0-BDD1544BC53F}.Debug|Any CPU.Build.0 = Debug|Any CPU
		{F93CBA23-1871-445C-9CD0-BDD1544BC53F}.Release|Any CPU.ActiveCfg = Release|Any CPU
		{F93CBA23-1871-445C-9CD0-BDD1544BC53F}.Release|Any CPU.Build.0 = Release|Any CPU
		{DC08F10B-8D20-4D56-9678-0BD55B607B17}.Debug|Any CPU.ActiveCfg = Debug|Any CPU
		{DC08F10B-8D20-4D56-9678-0BD55B607B17}.Debug|Any CPU.Build.0 = Debug|Any CPU
		{DC08F10B-8D20-4D56-9678-0BD55B607B17}.Release|Any CPU.ActiveCfg = Release|Any CPU
		{DC08F10B-8D20-4D56-9678-0BD55B607B17}.Release|Any CPU.Build.0 = Release|Any CPU
		{23BE4F9F-3C77-4BFA-AF99-633647711177}.Debug|Any CPU.ActiveCfg = Debug|Any CPU
		{23BE4F9F-3C77-4BFA-AF99-633647711177}.Debug|Any CPU.Build.0 = Debug|Any CPU
		{23BE4F9F-3C77-4BFA-AF99-633647711177}.Release|Any CPU.ActiveCfg = Release|Any CPU
		{23BE4F9F-3C77-4BFA-AF99-633647711177}.Release|Any CPU.Build.0 = Release|Any CPU
		{9D29636C-F456-4F4E-A3D7-04B5E85ED482}.Debug|Any CPU.ActiveCfg = Debug|Any CPU
		{9D29636C-F456-4F4E-A3D7-04B5E85ED482}.Debug|Any CPU.Build.0 = Debug|Any CPU
		{9D29636C-F456-4F4E-A3D7-04B5E85ED482}.Release|Any CPU.ActiveCfg = Release|Any CPU
		{9D29636C-F456-4F4E-A3D7-04B5E85ED482}.Release|Any CPU.Build.0 = Release|Any CPU
		{0793E59D-F080-4EC2-BD7F-78D9BD9D999D}.Debug|Any CPU.ActiveCfg = Debug|Any CPU
		{0793E59D-F080-4EC2-BD7F-78D9BD9D999D}.Debug|Any CPU.Build.0 = Debug|Any CPU
		{0793E59D-F080-4EC2-BD7F-78D9BD9D999D}.Release|Any CPU.ActiveCfg = Release|Any CPU
		{0793E59D-F080-4EC2-BD7F-78D9BD9D999D}.Release|Any CPU.Build.0 = Release|Any CPU
		{6646E3FC-41CF-4021-8497-EED1207DC458}.Debug|Any CPU.ActiveCfg = Debug|Any CPU
		{6646E3FC-41CF-4021-8497-EED1207DC458}.Debug|Any CPU.Build.0 = Debug|Any CPU
		{6646E3FC-41CF-4021-8497-EED1207DC458}.Release|Any CPU.ActiveCfg = Release|Any CPU
		{6646E3FC-41CF-4021-8497-EED1207DC458}.Release|Any CPU.Build.0 = Release|Any CPU
		{11E95AA7-DC4C-485D-80BF-FB518D4195CD}.Debug|Any CPU.ActiveCfg = Debug|Any CPU
		{11E95AA7-DC4C-485D-80BF-FB518D4195CD}.Debug|Any CPU.Build.0 = Debug|Any CPU
		{11E95AA7-DC4C-485D-80BF-FB518D4195CD}.Release|Any CPU.ActiveCfg = Release|Any CPU
		{11E95AA7-DC4C-485D-80BF-FB518D4195CD}.Release|Any CPU.Build.0 = Release|Any CPU
		{DAEEE82F-AC6A-4503-BE25-AA0D8B510E70}.Debug|Any CPU.ActiveCfg = Debug|Any CPU
		{DAEEE82F-AC6A-4503-BE25-AA0D8B510E70}.Debug|Any CPU.Build.0 = Debug|Any CPU
		{DAEEE82F-AC6A-4503-BE25-AA0D8B510E70}.Release|Any CPU.ActiveCfg = Release|Any CPU
		{DAEEE82F-AC6A-4503-BE25-AA0D8B510E70}.Release|Any CPU.Build.0 = Release|Any CPU
		{059D90C7-8E9C-4883-866C-2C5CDA4EB5B4}.Debug|Any CPU.ActiveCfg = Debug|Any CPU
		{059D90C7-8E9C-4883-866C-2C5CDA4EB5B4}.Debug|Any CPU.Build.0 = Debug|Any CPU
		{059D90C7-8E9C-4883-866C-2C5CDA4EB5B4}.Release|Any CPU.ActiveCfg = Release|Any CPU
		{059D90C7-8E9C-4883-866C-2C5CDA4EB5B4}.Release|Any CPU.Build.0 = Release|Any CPU
		{525C2FED-E140-44FB-B6B9-60BDA264E44C}.Debug|Any CPU.ActiveCfg = Debug|Any CPU
		{525C2FED-E140-44FB-B6B9-60BDA264E44C}.Debug|Any CPU.Build.0 = Debug|Any CPU
		{525C2FED-E140-44FB-B6B9-60BDA264E44C}.Release|Any CPU.ActiveCfg = Release|Any CPU
		{525C2FED-E140-44FB-B6B9-60BDA264E44C}.Release|Any CPU.Build.0 = Release|Any CPU
	EndGlobalSection
	GlobalSection(SolutionProperties) = preSolution
		HideSolutionNode = FALSE
	EndGlobalSection
	GlobalSection(NestedProjects) = preSolution
		{F93CBA23-1871-445C-9CD0-BDD1544BC53F} = {6FED4E84-DFD9-4249-8A42-6926E0058945}
		{DC08F10B-8D20-4D56-9678-0BD55B607B17} = {6FED4E84-DFD9-4249-8A42-6926E0058945}
		{23BE4F9F-3C77-4BFA-AF99-633647711177} = {BD3CE5F0-ADDD-48D0-BB21-A4EBA4C608D1}
		{6FED4E84-DFD9-4249-8A42-6926E0058945} = {3894D133-AE17-4A05-9A29-7C5C0CA2C469}
		{BD3CE5F0-ADDD-48D0-BB21-A4EBA4C608D1} = {3894D133-AE17-4A05-9A29-7C5C0CA2C469}
		{9D29636C-F456-4F4E-A3D7-04B5E85ED482} = {BD3CE5F0-ADDD-48D0-BB21-A4EBA4C608D1}
		{0793E59D-F080-4EC2-BD7F-78D9BD9D999D} = {BD3CE5F0-ADDD-48D0-BB21-A4EBA4C608D1}
		{6646E3FC-41CF-4021-8497-EED1207DC458} = {BD3CE5F0-ADDD-48D0-BB21-A4EBA4C608D1}
		{11E95AA7-DC4C-485D-80BF-FB518D4195CD} = {BD3CE5F0-ADDD-48D0-BB21-A4EBA4C608D1}
		{DAEEE82F-AC6A-4503-BE25-AA0D8B510E70} = {BAC4B015-0E3A-4BD9-A610-E3DFC7B209B1}
		{BAC4B015-0E3A-4BD9-A610-E3DFC7B209B1} = {3894D133-AE17-4A05-9A29-7C5C0CA2C469}
		{40B33E88-92FA-4630-8CFB-E21C6C2A1260} = {3894D133-AE17-4A05-9A29-7C5C0CA2C469}
		{059D90C7-8E9C-4883-866C-2C5CDA4EB5B4} = {40B33E88-92FA-4630-8CFB-E21C6C2A1260}
		{474D26B5-E9D9-47E5-8C7D-263C8B972DE4} = {C4B769B7-80A3-4733-9901-0B6D974C5489}
		{61F176DD-BA25-4C5C-A069-BD1F094A8B62} = {C4B769B7-80A3-4733-9901-0B6D974C5489}
		{525C2FED-E140-44FB-B6B9-60BDA264E44C} = {474D26B5-E9D9-47E5-8C7D-263C8B972DE4}
	EndGlobalSection
EndGlobal
